
Microsoft Visual Studio Solution File, Format Version 12.00
# Visual Studio Version 17
VisualStudioVersion = 17.0.32112.339
MinimumVisualStudioVersion = 10.0.40219.1
Project("{8BC9CEB8-8B4A-11D0-8D11-00A0C91BC942}") = "Latihan 1", "Latihan 1\Latihan 1.vcxproj", "{68915A89-E6FA-4A75-8A8C-CF0CA0FC959C}"
EndProject
Global
	GlobalSection(SolutionConfigurationPlatforms) = preSolution
		Debug|x64 = Debug|x64
		Debug|x86 = Debug|x86
		Release|x64 = Release|x64
		Release|x86 = Release|x86
	EndGlobalSection
	GlobalSection(ProjectConfigurationPlatforms) = postSolution
		{68915A89-E6FA-4A75-8A8C-CF0CA0FC959C}.Debug|x64.ActiveCfg = Debug|x64
		{68915A89-E6FA-4A75-8A8C-CF0CA0FC959C}.Debug|x64.Build.0 = Debug|x64
		{68915A89-E6FA-4A75-8A8C-CF0CA0FC959C}.Debug|x86.ActiveCfg = Debug|Win32
		{68915A89-E6FA-4A75-8A8C-CF0CA0FC959C}.Debug|x86.Build.0 = Debug|Win32
		{68915A89-E6FA-4A75-8A8C-CF0CA0FC959C}.Release|x64.ActiveCfg = Release|x64
		{68915A89-E6FA-4A75-8A8C-CF0CA0FC959C}.Release|x64.Build.0 = Release|x64
		{68915A89-E6FA-4A75-8A8C-CF0CA0FC959C}.Release|x86.ActiveCfg = Release|Win32
		{68915A89-E6FA-4A75-8A8C-CF0CA0FC959C}.Release|x86.Build.0 = Release|Win32
	EndGlobalSection
	GlobalSection(SolutionProperties) = preSolution
		HideSolutionNode = FALSE
	EndGlobalSection
	GlobalSection(ExtensibilityGlobals) = postSolution
		SolutionGuid = {90880D59-B79F-45AE-B78F-A6BE88166C9A}
	EndGlobalSection
EndGlobal
